
Microsoft Visual Studio Solution File, Format Version 12.00
# Visual Studio Version 17
VisualStudioVersion = 17.0.31903.59
MinimumVisualStudioVersion = 10.0.40219.1
Project("{FAE04EC0-301F-11D3-BF4B-00C04F79EFBC}") = "Learning1", "Learning1.csproj", "{7D28D32A-2AC7-4E85-888C-008D32E56E7D}"
EndProject
Global
	GlobalSection(SolutionConfigurationPlatforms) = preSolution
		Debug|Any CPU = Debug|Any CPU
		Debug|x64 = Debug|x64
		Debug|x86 = Debug|x86
		Release|Any CPU = Release|Any CPU
		Release|x64 = Release|x64
		Release|x86 = Release|x86
	EndGlobalSection
	GlobalSection(ProjectConfigurationPlatforms) = postSolution
		{7D28D32A-2AC7-4E85-888C-008D32E56E7D}.Debug|Any CPU.ActiveCfg = Debug|Any CPU
		{7D28D32A-2AC7-4E85-888C-008D32E56E7D}.Debug|Any CPU.Build.0 = Debug|Any CPU
		{7D28D32A-2AC7-4E85-888C-008D32E56E7D}.Debug|x64.ActiveCfg = Debug|Any CPU
		{7D28D32A-2AC7-4E85-888C-008D32E56E7D}.Debug|x64.Build.0 = Debug|Any CPU
		{7D28D32A-2AC7-4E85-888C-008D32E56E7D}.Debug|x86.ActiveCfg = Debug|Any CPU
		{7D28D32A-2AC7-4E85-888C-008D32E56E7D}.Debug|x86.Build.0 = Debug|Any CPU
		{7D28D32A-2AC7-4E85-888C-008D32E56E7D}.Release|Any CPU.ActiveCfg = Release|Any CPU
		{7D28D32A-2AC7-4E85-888C-008D32E56E7D}.Release|Any CPU.Build.0 = Release|Any CPU
		{7D28D32A-2AC7-4E85-888C-008D32E56E7D}.Release|x64.ActiveCfg = Release|Any CPU
		{7D28D32A-2AC7-4E85-888C-008D32E56E7D}.Release|x64.Build.0 = Release|Any CPU
		{7D28D32A-2AC7-4E85-888C-008D32E56E7D}.Release|x86.ActiveCfg = Release|Any CPU
		{7D28D32A-2AC7-4E85-888C-008D32E56E7D}.Release|x86.Build.0 = Release|Any CPU
	EndGlobalSection
	GlobalSection(SolutionProperties) = preSolution
		HideSolutionNode = FALSE
	EndGlobalSection
EndGlobal
